
Microsoft Visual Studio Solution File, Format Version 12.00
# Visual Studio Version 17
VisualStudioVersion = 17.3.32714.290
MinimumVisualStudioVersion = 10.0.40219.1
Project("{FAE04EC0-301F-11D3-BF4B-00C04F79EFBC}") = "JsonClassNet", "JsonClassNet\JsonClassNet.csproj", "{DDABFE94-85ED-4ED5-8E75-050725855EE2}"
EndProject
Project("{FAE04EC0-301F-11D3-BF4B-00C04F79EFBC}") = "JsonClassNet.Tests", "JsonClassNet.Tests\JsonClassNet.Tests.csproj", "{6211A3FC-2E40-4B78-BF43-42C46AD04EBA}"
EndProject
Global
	GlobalSection(SolutionConfigurationPlatforms) = preSolution
		Debug|Any CPU = Debug|Any CPU
		Release|Any CPU = Release|Any CPU
	EndGlobalSection
	GlobalSection(ProjectConfigurationPlatforms) = postSolution
		{DDABFE94-85ED-4ED5-8E75-050725855EE2}.Debug|Any CPU.ActiveCfg = Debug|Any CPU
		{DDABFE94-85ED-4ED5-8E75-050725855EE2}.Debug|Any CPU.Build.0 = Debug|Any CPU
		{DDABFE94-85ED-4ED5-8E75-050725855EE2}.Release|Any CPU.ActiveCfg = Release|Any CPU
		{DDABFE94-85ED-4ED5-8E75-050725855EE2}.Release|Any CPU.Build.0 = Release|Any CPU
		{6211A3FC-2E40-4B78-BF43-42C46AD04EBA}.Debug|Any CPU.ActiveCfg = Debug|Any CPU
		{6211A3FC-2E40-4B78-BF43-42C46AD04EBA}.Debug|Any CPU.Build.0 = Debug|Any CPU
		{6211A3FC-2E40-4B78-BF43-42C46AD04EBA}.Release|Any CPU.ActiveCfg = Release|Any CPU
		{6211A3FC-2E40-4B78-BF43-42C46AD04EBA}.Release|Any CPU.Build.0 = Release|Any CPU
	EndGlobalSection
	GlobalSection(SolutionProperties) = preSolution
		HideSolutionNode = FALSE
	EndGlobalSection
	GlobalSection(ExtensibilityGlobals) = postSolution
		SolutionGuid = {AD355428-6209-4B48-80BA-52B78AE24790}
	EndGlobalSection
EndGlobal
